// !$*UTF8*$!
{
	archiveVersion = 1;
	classes = {
	};
	objectVersion = 46;
	objects = {

/* Begin PBXBuildFile section */
		2F530C2E1F96FDF8001815DD /* LZNavigationController.m in Sources */ = {isa = PBXBuildFile; fileRef = 2F530C1E1F96FDF8001815DD /* LZNavigationController.m */; };
		2F530C2F1F96FDF8001815DD /* LZRootViewController.m in Sources */ = {isa = PBXBuildFile; fileRef = 2F530C201F96FDF8001815DD /* LZRootViewController.m */; };
		2F530C461F9733F6001815DD /* LZBaseTableViewController.m in Sources */ = {isa = PBXBuildFile; fileRef = 2F530C451F9733F6001815DD /* LZBaseTableViewController.m */; };
		2F530C4D1F97350F001815DD /* LZHomeViewController.m in Sources */ = {isa = PBXBuildFile; fileRef = 2F530C4C1F97350F001815DD /* LZHomeViewController.m */; };
		2F530C501F9737BF001815DD /* UIViewController+LZExtension.m in Sources */ = {isa = PBXBuildFile; fileRef = 2F530C4F1F9737BF001815DD /* UIViewController+LZExtension.m */; };
		2F530C5E1F9737C9001815DD /* LZDelegateHandler.m in Sources */ = {isa = PBXBuildFile; fileRef = 2F530C531F9737C8001815DD /* LZDelegateHandler.m */; };
		2F530C5F1F9737C9001815DD /* LZNavigationBarConfigure.m in Sources */ = {isa = PBXBuildFile; fileRef = 2F530C551F9737C8001815DD /* LZNavigationBarConfigure.m */; };
		2F530C601F9737C9001815DD /* LZNavigationBarViewController.m in Sources */ = {isa = PBXBuildFile; fileRef = 2F530C571F9737C8001815DD /* LZNavigationBarViewController.m */; };
		2F530C611F9737C9001815DD /* LZPopTransitionAnimation.m in Sources */ = {isa = PBXBuildFile; fileRef = 2F530C591F9737C8001815DD /* LZPopTransitionAnimation.m */; };
		2F530C621F9737C9001815DD /* LZPushTransitionAnimation.m in Sources */ = {isa = PBXBuildFile; fileRef = 2F530C5B1F9737C8001815DD /* LZPushTransitionAnimation.m */; };
		2F530C631F9737C9001815DD /* UINavigationController+LZCategory.m in Sources */ = {isa = PBXBuildFile; fileRef = 2F530C5D1F9737C8001815DD /* UINavigationController+LZCategory.m */; };
		2F85074D1FA335F7005E26D9 /* LZBaseViewController.m in Sources */ = {isa = PBXBuildFile; fileRef = 2F85074C1FA335F7005E26D9 /* LZBaseViewController.m */; };
		2F8507511FA33644005E26D9 /* LZSecondViewController.m in Sources */ = {isa = PBXBuildFile; fileRef = 2F85074F1FA33644005E26D9 /* LZSecondViewController.m */; };
		2F8507521FA33644005E26D9 /* LZSecondViewController.xib in Resources */ = {isa = PBXBuildFile; fileRef = 2F8507501FA33644005E26D9 /* LZSecondViewController.xib */; };
		2F8507561FA336AE005E26D9 /* LZHomeTableViewCell.m in Sources */ = {isa = PBXBuildFile; fileRef = 2F8507541FA336AE005E26D9 /* LZHomeTableViewCell.m */; };
		2F8507571FA336AE005E26D9 /* LZHomeTableViewCell.xib in Resources */ = {isa = PBXBuildFile; fileRef = 2F8507551FA336AE005E26D9 /* LZHomeTableViewCell.xib */; };
		2F8507A51FA339E2005E26D9 /* NSArray+Extension.m in Sources */ = {isa = PBXBuildFile; fileRef = 2F85075B1FA339E2005E26D9 /* NSArray+Extension.m */; };
		2F8507A61FA339E2005E26D9 /* NSData+Extension.m in Sources */ = {isa = PBXBuildFile; fileRef = 2F85075D1FA339E2005E26D9 /* NSData+Extension.m */; };
		2F8507A71FA339E2005E26D9 /* NSDate+Extension.m in Sources */ = {isa = PBXBuildFile; fileRef = 2F85075F1FA339E2005E26D9 /* NSDate+Extension.m */; };
		2F8507A81FA339E2005E26D9 /* NSDate+TimeExtension.m in Sources */ = {isa = PBXBuildFile; fileRef = 2F8507611FA339E2005E26D9 /* NSDate+TimeExtension.m */; };
		2F8507A91FA339E2005E26D9 /* NSDictionary+Extension.m in Sources */ = {isa = PBXBuildFile; fileRef = 2F8507631FA339E2005E26D9 /* NSDictionary+Extension.m */; };
		2F8507AA1FA339E2005E26D9 /* NSFileManager+Extension.m in Sources */ = {isa = PBXBuildFile; fileRef = 2F8507651FA339E2005E26D9 /* NSFileManager+Extension.m */; };
		2F8507AB1FA339E2005E26D9 /* NSMutableArray+Extension.m in Sources */ = {isa = PBXBuildFile; fileRef = 2F8507671FA339E2005E26D9 /* NSMutableArray+Extension.m */; };
		2F8507AC1FA339E2005E26D9 /* NSMutableDictionary+Extension.m in Sources */ = {isa = PBXBuildFile; fileRef = 2F8507691FA339E2005E26D9 /* NSMutableDictionary+Extension.m */; };
		2F8507AD1FA339E2005E26D9 /* NSNumber+Extension.m in Sources */ = {isa = PBXBuildFile; fileRef = 2F85076B1FA339E2005E26D9 /* NSNumber+Extension.m */; };
		2F8507AE1FA339E2005E26D9 /* NSObject+Extension.m in Sources */ = {isa = PBXBuildFile; fileRef = 2F85076D1FA339E2005E26D9 /* NSObject+Extension.m */; };
		2F8507AF1FA339E2005E26D9 /* NSProcessInfo+Extension.m in Sources */ = {isa = PBXBuildFile; fileRef = 2F85076F1FA339E2005E26D9 /* NSProcessInfo+Extension.m */; };
		2F8507B01FA339E2005E26D9 /* NSString+Extension.m in Sources */ = {isa = PBXBuildFile; fileRef = 2F8507711FA339E2005E26D9 /* NSString+Extension.m */; };
		2F8507B11FA339E2005E26D9 /* NSBundle+Extension.m in Sources */ = {isa = PBXBuildFile; fileRef = 2F8507741FA339E2005E26D9 /* NSBundle+Extension.m */; };
		2F8507B21FA339E2005E26D9 /* UIApplication+Extensions.m in Sources */ = {isa = PBXBuildFile; fileRef = 2F8507761FA339E2005E26D9 /* UIApplication+Extensions.m */; };
		2F8507B31FA339E2005E26D9 /* UIBarButtonItem+Extension.m in Sources */ = {isa = PBXBuildFile; fileRef = 2F8507781FA339E2005E26D9 /* UIBarButtonItem+Extension.m */; };
		2F8507B41FA339E2005E26D9 /* UIButton+Extension.m in Sources */ = {isa = PBXBuildFile; fileRef = 2F85077A1FA339E2005E26D9 /* UIButton+Extension.m */; };
		2F8507B51FA339E2005E26D9 /* UIButton+Extensions.m in Sources */ = {isa = PBXBuildFile; fileRef = 2F85077C1FA339E2005E26D9 /* UIButton+Extensions.m */; };
		2F8507B61FA339E2005E26D9 /* UIColor+Extension.m in Sources */ = {isa = PBXBuildFile; fileRef = 2F85077E1FA339E2005E26D9 /* UIColor+Extension.m */; };
		2F8507B71FA339E2005E26D9 /* UIControl+Extension.m in Sources */ = {isa = PBXBuildFile; fileRef = 2F8507801FA339E2005E26D9 /* UIControl+Extension.m */; };
		2F8507B81FA339E2005E26D9 /* UIDevice+Extension.m in Sources */ = {isa = PBXBuildFile; fileRef = 2F8507821FA339E2005E26D9 /* UIDevice+Extension.m */; };
		2F8507B91FA339E2005E26D9 /* UIFont+Extension.m in Sources */ = {isa = PBXBuildFile; fileRef = 2F8507841FA339E2005E26D9 /* UIFont+Extension.m */; };
		2F8507BA1FA339E2005E26D9 /* UIImage+Extension.m in Sources */ = {isa = PBXBuildFile; fileRef = 2F8507861FA339E2005E26D9 /* UIImage+Extension.m */; };
		2F8507BB1FA339E2005E26D9 /* UIImageView+Extension.m in Sources */ = {isa = PBXBuildFile; fileRef = 2F8507881FA339E2005E26D9 /* UIImageView+Extension.m */; };
		2F8507BC1FA339E2005E26D9 /* UILabel+Extension.m in Sources */ = {isa = PBXBuildFile; fileRef = 2F85078A1FA339E2005E26D9 /* UILabel+Extension.m */; };
		2F8507BD1FA339E2005E26D9 /* UINavigationBar+Extension.m in Sources */ = {isa = PBXBuildFile; fileRef = 2F85078C1FA339E2005E26D9 /* UINavigationBar+Extension.m */; };
		2F8507BE1FA339E2005E26D9 /* UIScreen+Extension.m in Sources */ = {isa = PBXBuildFile; fileRef = 2F85078E1FA339E2005E26D9 /* UIScreen+Extension.m */; };
		2F8507BF1FA339E2005E26D9 /* UIScrollView+Extension.m in Sources */ = {isa = PBXBuildFile; fileRef = 2F8507901FA339E2005E26D9 /* UIScrollView+Extension.m */; };
		2F8507C01FA339E2005E26D9 /* UITableView+Extension.m in Sources */ = {isa = PBXBuildFile; fileRef = 2F8507921FA339E2005E26D9 /* UITableView+Extension.m */; };
		2F8507C11FA339E2005E26D9 /* UITextField+Extension.m in Sources */ = {isa = PBXBuildFile; fileRef = 2F8507941FA339E2005E26D9 /* UITextField+Extension.m */; };
		2F8507C21FA339E2005E26D9 /* UIToolbar+Extension.m in Sources */ = {isa = PBXBuildFile; fileRef = 2F8507961FA339E2005E26D9 /* UIToolbar+Extension.m */; };
		2F8507C31FA339E2005E26D9 /* UIView+Extension.m in Sources */ = {isa = PBXBuildFile; fileRef = 2F8507981FA339E2005E26D9 /* UIView+Extension.m */; };
		2F8507C41FA339E2005E26D9 /* UIView+IBExtension.m in Sources */ = {isa = PBXBuildFile; fileRef = 2F85079A1FA339E2005E26D9 /* UIView+IBExtension.m */; };
		2F8507C51FA339E2005E26D9 /* UIView+Runtime.m in Sources */ = {isa = PBXBuildFile; fileRef = 2F85079C1FA339E2005E26D9 /* UIView+Runtime.m */; };
		2F8507C61FA339E2005E26D9 /* UIViewController+Extension.m in Sources */ = {isa = PBXBuildFile; fileRef = 2F85079E1FA339E2005E26D9 /* UIViewController+Extension.m */; };
		2F8507C71FA339E2005E26D9 /* UIWebView+Extension.m in Sources */ = {isa = PBXBuildFile; fileRef = 2F8507A11FA339E2005E26D9 /* UIWebView+Extension.m */; };
		2F8507C81FA339E2005E26D9 /* UIWindow+Extension.m in Sources */ = {isa = PBXBuildFile; fileRef = 2F8507A31FA339E2005E26D9 /* UIWindow+Extension.m */; };
		2F8A49C91FA6D07D00A535CD /* LZLiveViewController.m in Sources */ = {isa = PBXBuildFile; fileRef = 2F8A49C81FA6D07D00A535CD /* LZLiveViewController.m */; };
		2F8A49D01FA6D25900A535CD /* LZPageContentView.m in Sources */ = {isa = PBXBuildFile; fileRef = 2F8A49CC1FA6D25900A535CD /* LZPageContentView.m */; };
		2F8A49D11FA6D25900A535CD /* LZSegmentTitleView.m in Sources */ = {isa = PBXBuildFile; fileRef = 2F8A49CF1FA6D25900A535CD /* LZSegmentTitleView.m */; };
		2F8A49D51FA6D3C700A535CD /* LZTeleplayCollectionViewCell.m in Sources */ = {isa = PBXBuildFile; fileRef = 2F8A49D21FA6D3C700A535CD /* LZTeleplayCollectionViewCell.m */; };
		2F8A49D61FA6D3C700A535CD /* LZTeleplayCollectionViewCell.xib in Resources */ = {isa = PBXBuildFile; fileRef = 2F8A49D31FA6D3C700A535CD /* LZTeleplayCollectionViewCell.xib */; };
		2F8A49DD1FA6E79600A535CD /* LZRecommandCollectionViewCell.m in Sources */ = {isa = PBXBuildFile; fileRef = 2F8A49DB1FA6E79600A535CD /* LZRecommandCollectionViewCell.m */; };
		2F8A49DE1FA6E79600A535CD /* LZRecommandCollectionViewCell.xib in Resources */ = {isa = PBXBuildFile; fileRef = 2F8A49DC1FA6E79600A535CD /* LZRecommandCollectionViewCell.xib */; };
		2F8A49E31FA707A300A535CD /* LZRecommandReusableView.m in Sources */ = {isa = PBXBuildFile; fileRef = 2F8A49E11FA707A300A535CD /* LZRecommandReusableView.m */; };
		2F8A49E41FA707A300A535CD /* LZRecommandReusableView.xib in Resources */ = {isa = PBXBuildFile; fileRef = 2F8A49E21FA707A300A535CD /* LZRecommandReusableView.xib */; };
		2FA386301F9DCA1A000E872B /* LZRootView.json in Resources */ = {isa = PBXBuildFile; fileRef = 2FA3862F1F9DCA1A000E872B /* LZRootView.json */; };
		D9FA85BDCF0B9F24F9050B5D /* Pods_LZKit.framework in Frameworks */ = {isa = PBXBuildFile; fileRef = ACE43552A09BD713CA762A7E /* Pods_LZKit.framework */; };
		E74476561F9660C9002EC7B8 /* main.m in Sources */ = {isa = PBXBuildFile; fileRef = E74476551F9660C9002EC7B8 /* main.m */; };
		E74476591F9660C9002EC7B8 /* AppDelegate.m in Sources */ = {isa = PBXBuildFile; fileRef = E74476581F9660C9002EC7B8 /* AppDelegate.m */; };
		E744765F1F9660C9002EC7B8 /* Main.storyboard in Resources */ = {isa = PBXBuildFile; fileRef = E744765D1F9660C9002EC7B8 /* Main.storyboard */; };
		E74476611F9660C9002EC7B8 /* Assets.xcassets in Resources */ = {isa = PBXBuildFile; fileRef = E74476601F9660C9002EC7B8 /* Assets.xcassets */; };
		E74476641F9660C9002EC7B8 /* LaunchScreen.storyboard in Resources */ = {isa = PBXBuildFile; fileRef = E74476621F9660C9002EC7B8 /* LaunchScreen.storyboard */; };
		E744766F1F9660C9002EC7B8 /* LZKitTests.m in Sources */ = {isa = PBXBuildFile; fileRef = E744766E1F9660C9002EC7B8 /* LZKitTests.m */; };
		E744767A1F9660C9002EC7B8 /* LZKitUITests.m in Sources */ = {isa = PBXBuildFile; fileRef = E74476791F9660C9002EC7B8 /* LZKitUITests.m */; };
/* End PBXBuildFile section */

/* Begin PBXContainerItemProxy section */
		E744766B1F9660C9002EC7B8 /* PBXContainerItemProxy */ = {
			isa = PBXContainerItemProxy;
			containerPortal = E74476491F9660C9002EC7B8 /* Project object */;
			proxyType = 1;
			remoteGlobalIDString = E74476501F9660C9002EC7B8;
			remoteInfo = LZKit;
		};
		E74476761F9660C9002EC7B8 /* PBXContainerItemProxy */ = {
			isa = PBXContainerItemProxy;
			containerPortal = E74476491F9660C9002EC7B8 /* Project object */;
			proxyType = 1;
			remoteGlobalIDString = E74476501F9660C9002EC7B8;
			remoteInfo = LZKit;
		};
/* End PBXContainerItemProxy section */

/* Begin PBXFileReference section */
		0DC009B45764B8BBB6AB0690 /* Pods-LZKit.release.xcconfig */ = {isa = PBXFileReference; includeInIndex = 1; lastKnownFileType = text.xcconfig; name = "Pods-LZKit.release.xcconfig"; path = "Pods/Target Support Files/Pods-LZKit/Pods-LZKit.release.xcconfig"; sourceTree = "<group>"; };
		2F530C1D1F96FDF8001815DD /* LZNavigationController.h */ = {isa = PBXFileReference; fileEncoding = 4; lastKnownFileType = sourcecode.c.h; path = LZNavigationController.h; sourceTree = "<group>"; };
		2F530C1E1F96FDF8001815DD /* LZNavigationController.m */ = {isa = PBXFileReference; fileEncoding = 4; lastKnownFileType = sourcecode.c.objc; path = LZNavigationController.m; sourceTree = "<group>"; };
		2F530C1F1F96FDF8001815DD /* LZRootViewController.h */ = {isa = PBXFileReference; fileEncoding = 4; lastKnownFileType = sourcecode.c.h; path = LZRootViewController.h; sourceTree = "<group>"; };
		2F530C201F96FDF8001815DD /* LZRootViewController.m */ = {isa = PBXFileReference; fileEncoding = 4; lastKnownFileType = sourcecode.c.objc; path = LZRootViewController.m; sourceTree = "<group>"; };
		2F530C221F96FDF8001815DD /* LZKit.h */ = {isa = PBXFileReference; fileEncoding = 4; lastKnownFileType = sourcecode.c.h; path = LZKit.h; sourceTree = "<group>"; };
		2F530C251F96FDF8001815DD /* AppConstant.h */ = {isa = PBXFileReference; fileEncoding = 4; lastKnownFileType = sourcecode.c.h; path = AppConstant.h; sourceTree = "<group>"; };
		2F530C441F9733F6001815DD /* LZBaseTableViewController.h */ = {isa = PBXFileReference; lastKnownFileType = sourcecode.c.h; path = LZBaseTableViewController.h; sourceTree = "<group>"; };
		2F530C451F9733F6001815DD /* LZBaseTableViewController.m */ = {isa = PBXFileReference; lastKnownFileType = sourcecode.c.objc; path = LZBaseTableViewController.m; sourceTree = "<group>"; };
		2F530C4B1F97350F001815DD /* LZHomeViewController.h */ = {isa = PBXFileReference; lastKnownFileType = sourcecode.c.h; path = LZHomeViewController.h; sourceTree = "<group>"; };
		2F530C4C1F97350F001815DD /* LZHomeViewController.m */ = {isa = PBXFileReference; lastKnownFileType = sourcecode.c.objc; path = LZHomeViewController.m; sourceTree = "<group>"; };
		2F530C4E1F9737BF001815DD /* UIViewController+LZExtension.h */ = {isa = PBXFileReference; fileEncoding = 4; lastKnownFileType = sourcecode.c.h; path = "UIViewController+LZExtension.h"; sourceTree = "<group>"; };
		2F530C4F1F9737BF001815DD /* UIViewController+LZExtension.m */ = {isa = PBXFileReference; fileEncoding = 4; lastKnownFileType = sourcecode.c.objc; path = "UIViewController+LZExtension.m"; sourceTree = "<group>"; };
		2F530C521F9737C8001815DD /* LZDelegateHandler.h */ = {isa = PBXFileReference; fileEncoding = 4; lastKnownFileType = sourcecode.c.h; path = LZDelegateHandler.h; sourceTree = "<group>"; };
		2F530C531F9737C8001815DD /* LZDelegateHandler.m */ = {isa = PBXFileReference; fileEncoding = 4; lastKnownFileType = sourcecode.c.objc; path = LZDelegateHandler.m; sourceTree = "<group>"; };
		2F530C541F9737C8001815DD /* LZNavigationBarConfigure.h */ = {isa = PBXFileReference; fileEncoding = 4; lastKnownFileType = sourcecode.c.h; path = LZNavigationBarConfigure.h; sourceTree = "<group>"; };
		2F530C551F9737C8001815DD /* LZNavigationBarConfigure.m */ = {isa = PBXFileReference; fileEncoding = 4; lastKnownFileType = sourcecode.c.objc; path = LZNavigationBarConfigure.m; sourceTree = "<group>"; };
		2F530C561F9737C8001815DD /* LZNavigationBarViewController.h */ = {isa = PBXFileReference; fileEncoding = 4; lastKnownFileType = sourcecode.c.h; path = LZNavigationBarViewController.h; sourceTree = "<group>"; };
		2F530C571F9737C8001815DD /* LZNavigationBarViewController.m */ = {isa = PBXFileReference; fileEncoding = 4; lastKnownFileType = sourcecode.c.objc; path = LZNavigationBarViewController.m; sourceTree = "<group>"; };
		2F530C581F9737C8001815DD /* LZPopTransitionAnimation.h */ = {isa = PBXFileReference; fileEncoding = 4; lastKnownFileType = sourcecode.c.h; path = LZPopTransitionAnimation.h; sourceTree = "<group>"; };
		2F530C591F9737C8001815DD /* LZPopTransitionAnimation.m */ = {isa = PBXFileReference; fileEncoding = 4; lastKnownFileType = sourcecode.c.objc; path = LZPopTransitionAnimation.m; sourceTree = "<group>"; };
		2F530C5A1F9737C8001815DD /* LZPushTransitionAnimation.h */ = {isa = PBXFileReference; fileEncoding = 4; lastKnownFileType = sourcecode.c.h; path = LZPushTransitionAnimation.h; sourceTree = "<group>"; };
		2F530C5B1F9737C8001815DD /* LZPushTransitionAnimation.m */ = {isa = PBXFileReference; fileEncoding = 4; lastKnownFileType = sourcecode.c.objc; path = LZPushTransitionAnimation.m; sourceTree = "<group>"; };
		2F530C5C1F9737C8001815DD /* UINavigationController+LZCategory.h */ = {isa = PBXFileReference; fileEncoding = 4; lastKnownFileType = sourcecode.c.h; path = "UINavigationController+LZCategory.h"; sourceTree = "<group>"; };
		2F530C5D1F9737C8001815DD /* UINavigationController+LZCategory.m */ = {isa = PBXFileReference; fileEncoding = 4; lastKnownFileType = sourcecode.c.objc; path = "UINavigationController+LZCategory.m"; sourceTree = "<group>"; };
		2F85074B1FA335F7005E26D9 /* LZBaseViewController.h */ = {isa = PBXFileReference; lastKnownFileType = sourcecode.c.h; path = LZBaseViewController.h; sourceTree = "<group>"; };
		2F85074C1FA335F7005E26D9 /* LZBaseViewController.m */ = {isa = PBXFileReference; lastKnownFileType = sourcecode.c.objc; path = LZBaseViewController.m; sourceTree = "<group>"; };
		2F85074E1FA33644005E26D9 /* LZSecondViewController.h */ = {isa = PBXFileReference; lastKnownFileType = sourcecode.c.h; path = LZSecondViewController.h; sourceTree = "<group>"; };
		2F85074F1FA33644005E26D9 /* LZSecondViewController.m */ = {isa = PBXFileReference; lastKnownFileType = sourcecode.c.objc; path = LZSecondViewController.m; sourceTree = "<group>"; };
		2F8507501FA33644005E26D9 /* LZSecondViewController.xib */ = {isa = PBXFileReference; lastKnownFileType = file.xib; path = LZSecondViewController.xib; sourceTree = "<group>"; };
		2F8507531FA336AE005E26D9 /* LZHomeTableViewCell.h */ = {isa = PBXFileReference; lastKnownFileType = sourcecode.c.h; path = LZHomeTableViewCell.h; sourceTree = "<group>"; };
		2F8507541FA336AE005E26D9 /* LZHomeTableViewCell.m */ = {isa = PBXFileReference; lastKnownFileType = sourcecode.c.objc; path = LZHomeTableViewCell.m; sourceTree = "<group>"; };
		2F8507551FA336AE005E26D9 /* LZHomeTableViewCell.xib */ = {isa = PBXFileReference; lastKnownFileType = file.xib; path = LZHomeTableViewCell.xib; sourceTree = "<group>"; };
		2F85075A1FA339E2005E26D9 /* NSArray+Extension.h */ = {isa = PBXFileReference; fileEncoding = 4; lastKnownFileType = sourcecode.c.h; path = "NSArray+Extension.h"; sourceTree = "<group>"; };
		2F85075B1FA339E2005E26D9 /* NSArray+Extension.m */ = {isa = PBXFileReference; fileEncoding = 4; lastKnownFileType = sourcecode.c.objc; path = "NSArray+Extension.m"; sourceTree = "<group>"; };
		2F85075C1FA339E2005E26D9 /* NSData+Extension.h */ = {isa = PBXFileReference; fileEncoding = 4; lastKnownFileType = sourcecode.c.h; path = "NSData+Extension.h"; sourceTree = "<group>"; };
		2F85075D1FA339E2005E26D9 /* NSData+Extension.m */ = {isa = PBXFileReference; fileEncoding = 4; lastKnownFileType = sourcecode.c.objc; path = "NSData+Extension.m"; sourceTree = "<group>"; };
		2F85075E1FA339E2005E26D9 /* NSDate+Extension.h */ = {isa = PBXFileReference; fileEncoding = 4; lastKnownFileType = sourcecode.c.h; path = "NSDate+Extension.h"; sourceTree = "<group>"; };
		2F85075F1FA339E2005E26D9 /* NSDate+Extension.m */ = {isa = PBXFileReference; fileEncoding = 4; lastKnownFileType = sourcecode.c.objc; path = "NSDate+Extension.m"; sourceTree = "<group>"; };
		2F8507601FA339E2005E26D9 /* NSDate+TimeExtension.h */ = {isa = PBXFileReference; fileEncoding = 4; lastKnownFileType = sourcecode.c.h; path = "NSDate+TimeExtension.h"; sourceTree = "<group>"; };
		2F8507611FA339E2005E26D9 /* NSDate+TimeExtension.m */ = {isa = PBXFileReference; fileEncoding = 4; lastKnownFileType = sourcecode.c.objc; path = "NSDate+TimeExtension.m"; sourceTree = "<group>"; };
		2F8507621FA339E2005E26D9 /* NSDictionary+Extension.h */ = {isa = PBXFileReference; fileEncoding = 4; lastKnownFileType = sourcecode.c.h; path = "NSDictionary+Extension.h"; sourceTree = "<group>"; };
		2F8507631FA339E2005E26D9 /* NSDictionary+Extension.m */ = {isa = PBXFileReference; fileEncoding = 4; lastKnownFileType = sourcecode.c.objc; path = "NSDictionary+Extension.m"; sourceTree = "<group>"; };
		2F8507641FA339E2005E26D9 /* NSFileManager+Extension.h */ = {isa = PBXFileReference; fileEncoding = 4; lastKnownFileType = sourcecode.c.h; path = "NSFileManager+Extension.h"; sourceTree = "<group>"; };
		2F8507651FA339E2005E26D9 /* NSFileManager+Extension.m */ = {isa = PBXFileReference; fileEncoding = 4; lastKnownFileType = sourcecode.c.objc; path = "NSFileManager+Extension.m"; sourceTree = "<group>"; };
		2F8507661FA339E2005E26D9 /* NSMutableArray+Extension.h */ = {isa = PBXFileReference; fileEncoding = 4; lastKnownFileType = sourcecode.c.h; path = "NSMutableArray+Extension.h"; sourceTree = "<group>"; };
		2F8507671FA339E2005E26D9 /* NSMutableArray+Extension.m */ = {isa = PBXFileReference; fileEncoding = 4; lastKnownFileType = sourcecode.c.objc; path = "NSMutableArray+Extension.m"; sourceTree = "<group>"; };
		2F8507681FA339E2005E26D9 /* NSMutableDictionary+Extension.h */ = {isa = PBXFileReference; fileEncoding = 4; lastKnownFileType = sourcecode.c.h; path = "NSMutableDictionary+Extension.h"; sourceTree = "<group>"; };
		2F8507691FA339E2005E26D9 /* NSMutableDictionary+Extension.m */ = {isa = PBXFileReference; fileEncoding = 4; lastKnownFileType = sourcecode.c.objc; path = "NSMutableDictionary+Extension.m"; sourceTree = "<group>"; };
		2F85076A1FA339E2005E26D9 /* NSNumber+Extension.h */ = {isa = PBXFileReference; fileEncoding = 4; lastKnownFileType = sourcecode.c.h; path = "NSNumber+Extension.h"; sourceTree = "<group>"; };
		2F85076B1FA339E2005E26D9 /* NSNumber+Extension.m */ = {isa = PBXFileReference; fileEncoding = 4; lastKnownFileType = sourcecode.c.objc; path = "NSNumber+Extension.m"; sourceTree = "<group>"; };
		2F85076C1FA339E2005E26D9 /* NSObject+Extension.h */ = {isa = PBXFileReference; fileEncoding = 4; lastKnownFileType = sourcecode.c.h; path = "NSObject+Extension.h"; sourceTree = "<group>"; };
		2F85076D1FA339E2005E26D9 /* NSObject+Extension.m */ = {isa = PBXFileReference; fileEncoding = 4; lastKnownFileType = sourcecode.c.objc; path = "NSObject+Extension.m"; sourceTree = "<group>"; };
		2F85076E1FA339E2005E26D9 /* NSProcessInfo+Extension.h */ = {isa = PBXFileReference; fileEncoding = 4; lastKnownFileType = sourcecode.c.h; path = "NSProcessInfo+Extension.h"; sourceTree = "<group>"; };
		2F85076F1FA339E2005E26D9 /* NSProcessInfo+Extension.m */ = {isa = PBXFileReference; fileEncoding = 4; lastKnownFileType = sourcecode.c.objc; path = "NSProcessInfo+Extension.m"; sourceTree = "<group>"; };
		2F8507701FA339E2005E26D9 /* NSString+Extension.h */ = {isa = PBXFileReference; fileEncoding = 4; lastKnownFileType = sourcecode.c.h; path = "NSString+Extension.h"; sourceTree = "<group>"; };
		2F8507711FA339E2005E26D9 /* NSString+Extension.m */ = {isa = PBXFileReference; fileEncoding = 4; lastKnownFileType = sourcecode.c.objc; path = "NSString+Extension.m"; sourceTree = "<group>"; };
		2F8507731FA339E2005E26D9 /* NSBundle+Extension.h */ = {isa = PBXFileReference; fileEncoding = 4; lastKnownFileType = sourcecode.c.h; path = "NSBundle+Extension.h"; sourceTree = "<group>"; };
		2F8507741FA339E2005E26D9 /* NSBundle+Extension.m */ = {isa = PBXFileReference; fileEncoding = 4; lastKnownFileType = sourcecode.c.objc; path = "NSBundle+Extension.m"; sourceTree = "<group>"; };
		2F8507751FA339E2005E26D9 /* UIApplication+Extensions.h */ = {isa = PBXFileReference; fileEncoding = 4; lastKnownFileType = sourcecode.c.h; path = "UIApplication+Extensions.h"; sourceTree = "<group>"; };
		2F8507761FA339E2005E26D9 /* UIApplication+Extensions.m */ = {isa = PBXFileReference; fileEncoding = 4; lastKnownFileType = sourcecode.c.objc; path = "UIApplication+Extensions.m"; sourceTree = "<group>"; };
		2F8507771FA339E2005E26D9 /* UIBarButtonItem+Extension.h */ = {isa = PBXFileReference; fileEncoding = 4; lastKnownFileType = sourcecode.c.h; path = "UIBarButtonItem+Extension.h"; sourceTree = "<group>"; };
		2F8507781FA339E2005E26D9 /* UIBarButtonItem+Extension.m */ = {isa = PBXFileReference; fileEncoding = 4; lastKnownFileType = sourcecode.c.objc; path = "UIBarButtonItem+Extension.m"; sourceTree = "<group>"; };
		2F8507791FA339E2005E26D9 /* UIButton+Extension.h */ = {isa = PBXFileReference; fileEncoding = 4; lastKnownFileType = sourcecode.c.h; path = "UIButton+Extension.h"; sourceTree = "<group>"; };
		2F85077A1FA339E2005E26D9 /* UIButton+Extension.m */ = {isa = PBXFileReference; fileEncoding = 4; lastKnownFileType = sourcecode.c.objc; path = "UIButton+Extension.m"; sourceTree = "<group>"; };
		2F85077B1FA339E2005E26D9 /* UIButton+Extensions.h */ = {isa = PBXFileReference; fileEncoding = 4; lastKnownFileType = sourcecode.c.h; path = "UIButton+Extensions.h"; sourceTree = "<group>"; };
		2F85077C1FA339E2005E26D9 /* UIButton+Extensions.m */ = {isa = PBXFileReference; fileEncoding = 4; lastKnownFileType = sourcecode.c.objc; path = "UIButton+Extensions.m"; sourceTree = "<group>"; };
		2F85077D1FA339E2005E26D9 /* UIColor+Extension.h */ = {isa = PBXFileReference; fileEncoding = 4; lastKnownFileType = sourcecode.c.h; path = "UIColor+Extension.h"; sourceTree = "<group>"; };
		2F85077E1FA339E2005E26D9 /* UIColor+Extension.m */ = {isa = PBXFileReference; fileEncoding = 4; lastKnownFileType = sourcecode.c.objc; path = "UIColor+Extension.m"; sourceTree = "<group>"; };
		2F85077F1FA339E2005E26D9 /* UIControl+Extension.h */ = {isa = PBXFileReference; fileEncoding = 4; lastKnownFileType = sourcecode.c.h; path = "UIControl+Extension.h"; sourceTree = "<group>"; };
		2F8507801FA339E2005E26D9 /* UIControl+Extension.m */ = {isa = PBXFileReference; fileEncoding = 4; lastKnownFileType = sourcecode.c.objc; path = "UIControl+Extension.m"; sourceTree = "<group>"; };
		2F8507811FA339E2005E26D9 /* UIDevice+Extension.h */ = {isa = PBXFileReference; fileEncoding = 4; lastKnownFileType = sourcecode.c.h; path = "UIDevice+Extension.h"; sourceTree = "<group>"; };
		2F8507821FA339E2005E26D9 /* UIDevice+Extension.m */ = {isa = PBXFileReference; fileEncoding = 4; lastKnownFileType = sourcecode.c.objc; path = "UIDevice+Extension.m"; sourceTree = "<group>"; };
		2F8507831FA339E2005E26D9 /* UIFont+Extension.h */ = {isa = PBXFileReference; fileEncoding = 4; lastKnownFileType = sourcecode.c.h; path = "UIFont+Extension.h"; sourceTree = "<group>"; };
		2F8507841FA339E2005E26D9 /* UIFont+Extension.m */ = {isa = PBXFileReference; fileEncoding = 4; lastKnownFileType = sourcecode.c.objc; path = "UIFont+Extension.m"; sourceTree = "<group>"; };
		2F8507851FA339E2005E26D9 /* UIImage+Extension.h */ = {isa = PBXFileReference; fileEncoding = 4; lastKnownFileType = sourcecode.c.h; path = "UIImage+Extension.h"; sourceTree = "<group>"; };
		2F8507861FA339E2005E26D9 /* UIImage+Extension.m */ = {isa = PBXFileReference; fileEncoding = 4; lastKnownFileType = sourcecode.c.objc; path = "UIImage+Extension.m"; sourceTree = "<group>"; };
		2F8507871FA339E2005E26D9 /* UIImageView+Extension.h */ = {isa = PBXFileReference; fileEncoding = 4; lastKnownFileType = sourcecode.c.h; path = "UIImageView+Extension.h"; sourceTree = "<group>"; };
		2F8507881FA339E2005E26D9 /* UIImageView+Extension.m */ = {isa = PBXFileReference; fileEncoding = 4; lastKnownFileType = sourcecode.c.objc; path = "UIImageView+Extension.m"; sourceTree = "<group>"; };
		2F8507891FA339E2005E26D9 /* UILabel+Extension.h */ = {isa = PBXFileReference; fileEncoding = 4; lastKnownFileType = sourcecode.c.h; path = "UILabel+Extension.h"; sourceTree = "<group>"; };
		2F85078A1FA339E2005E26D9 /* UILabel+Extension.m */ = {isa = PBXFileReference; fileEncoding = 4; lastKnownFileType = sourcecode.c.objc; path = "UILabel+Extension.m"; sourceTree = "<group>"; };
		2F85078B1FA339E2005E26D9 /* UINavigationBar+Extension.h */ = {isa = PBXFileReference; fileEncoding = 4; lastKnownFileType = sourcecode.c.h; path = "UINavigationBar+Extension.h"; sourceTree = "<group>"; };
		2F85078C1FA339E2005E26D9 /* UINavigationBar+Extension.m */ = {isa = PBXFileReference; fileEncoding = 4; lastKnownFileType = sourcecode.c.objc; path = "UINavigationBar+Extension.m"; sourceTree = "<group>"; };
		2F85078D1FA339E2005E26D9 /* UIScreen+Extension.h */ = {isa = PBXFileReference; fileEncoding = 4; lastKnownFileType = sourcecode.c.h; path = "UIScreen+Extension.h"; sourceTree = "<group>"; };
		2F85078E1FA339E2005E26D9 /* UIScreen+Extension.m */ = {isa = PBXFileReference; fileEncoding = 4; lastKnownFileType = sourcecode.c.objc; path = "UIScreen+Extension.m"; sourceTree = "<group>"; };
		2F85078F1FA339E2005E26D9 /* UIScrollView+Extension.h */ = {isa = PBXFileReference; fileEncoding = 4; lastKnownFileType = sourcecode.c.h; path = "UIScrollView+Extension.h"; sourceTree = "<group>"; };
		2F8507901FA339E2005E26D9 /* UIScrollView+Extension.m */ = {isa = PBXFileReference; fileEncoding = 4; lastKnownFileType = sourcecode.c.objc; path = "UIScrollView+Extension.m"; sourceTree = "<group>"; };
		2F8507911FA339E2005E26D9 /* UITableView+Extension.h */ = {isa = PBXFileReference; fileEncoding = 4; lastKnownFileType = sourcecode.c.h; path = "UITableView+Extension.h"; sourceTree = "<group>"; };
		2F8507921FA339E2005E26D9 /* UITableView+Extension.m */ = {isa = PBXFileReference; fileEncoding = 4; lastKnownFileType = sourcecode.c.objc; path = "UITableView+Extension.m"; sourceTree = "<group>"; };
		2F8507931FA339E2005E26D9 /* UITextField+Extension.h */ = {isa = PBXFileReference; fileEncoding = 4; lastKnownFileType = sourcecode.c.h; path = "UITextField+Extension.h"; sourceTree = "<group>"; };
		2F8507941FA339E2005E26D9 /* UITextField+Extension.m */ = {isa = PBXFileReference; fileEncoding = 4; lastKnownFileType = sourcecode.c.objc; path = "UITextField+Extension.m"; sourceTree = "<group>"; };
		2F8507951FA339E2005E26D9 /* UIToolbar+Extension.h */ = {isa = PBXFileReference; fileEncoding = 4; lastKnownFileType = sourcecode.c.h; path = "UIToolbar+Extension.h"; sourceTree = "<group>"; };
		2F8507961FA339E2005E26D9 /* UIToolbar+Extension.m */ = {isa = PBXFileReference; fileEncoding = 4; lastKnownFileType = sourcecode.c.objc; path = "UIToolbar+Extension.m"; sourceTree = "<group>"; };
		2F8507971FA339E2005E26D9 /* UIView+Extension.h */ = {isa = PBXFileReference; fileEncoding = 4; lastKnownFileType = sourcecode.c.h; path = "UIView+Extension.h"; sourceTree = "<group>"; };
		2F8507981FA339E2005E26D9 /* UIView+Extension.m */ = {isa = PBXFileReference; fileEncoding = 4; lastKnownFileType = sourcecode.c.objc; path = "UIView+Extension.m"; sourceTree = "<group>"; };
		2F8507991FA339E2005E26D9 /* UIView+IBExtension.h */ = {isa = PBXFileReference; fileEncoding = 4; lastKnownFileType = sourcecode.c.h; path = "UIView+IBExtension.h"; sourceTree = "<group>"; };
		2F85079A1FA339E2005E26D9 /* UIView+IBExtension.m */ = {isa = PBXFileReference; fileEncoding = 4; lastKnownFileType = sourcecode.c.objc; path = "UIView+IBExtension.m"; sourceTree = "<group>"; };
		2F85079B1FA339E2005E26D9 /* UIView+Runtime.h */ = {isa = PBXFileReference; fileEncoding = 4; lastKnownFileType = sourcecode.c.h; path = "UIView+Runtime.h"; sourceTree = "<group>"; };
		2F85079C1FA339E2005E26D9 /* UIView+Runtime.m */ = {isa = PBXFileReference; fileEncoding = 4; lastKnownFileType = sourcecode.c.objc; path = "UIView+Runtime.m"; sourceTree = "<group>"; };
		2F85079D1FA339E2005E26D9 /* UIViewController+Extension.h */ = {isa = PBXFileReference; fileEncoding = 4; lastKnownFileType = sourcecode.c.h; path = "UIViewController+Extension.h"; sourceTree = "<group>"; };
		2F85079E1FA339E2005E26D9 /* UIViewController+Extension.m */ = {isa = PBXFileReference; fileEncoding = 4; lastKnownFileType = sourcecode.c.objc; path = "UIViewController+Extension.m"; sourceTree = "<group>"; };
		2F85079F1FA339E2005E26D9 /* UIViewController+LZExtension.h */ = {isa = PBXFileReference; fileEncoding = 4; lastKnownFileType = sourcecode.c.h; path = "UIViewController+LZExtension.h"; sourceTree = "<group>"; };
		2F8507A01FA339E2005E26D9 /* UIWebView+Extension.h */ = {isa = PBXFileReference; fileEncoding = 4; lastKnownFileType = sourcecode.c.h; path = "UIWebView+Extension.h"; sourceTree = "<group>"; };
		2F8507A11FA339E2005E26D9 /* UIWebView+Extension.m */ = {isa = PBXFileReference; fileEncoding = 4; lastKnownFileType = sourcecode.c.objc; path = "UIWebView+Extension.m"; sourceTree = "<group>"; };
		2F8507A21FA339E2005E26D9 /* UIWindow+Extension.h */ = {isa = PBXFileReference; fileEncoding = 4; lastKnownFileType = sourcecode.c.h; path = "UIWindow+Extension.h"; sourceTree = "<group>"; };
		2F8507A31FA339E2005E26D9 /* UIWindow+Extension.m */ = {isa = PBXFileReference; fileEncoding = 4; lastKnownFileType = sourcecode.c.objc; path = "UIWindow+Extension.m"; sourceTree = "<group>"; };
		2F8507C91FA33A0D005E26D9 /* LZExtensions.h */ = {isa = PBXFileReference; fileEncoding = 4; lastKnownFileType = sourcecode.c.h; path = LZExtensions.h; sourceTree = "<group>"; };
		2F8A49C71FA6D07D00A535CD /* LZLiveViewController.h */ = {isa = PBXFileReference; lastKnownFileType = sourcecode.c.h; path = LZLiveViewController.h; sourceTree = "<group>"; };
		2F8A49C81FA6D07D00A535CD /* LZLiveViewController.m */ = {isa = PBXFileReference; lastKnownFileType = sourcecode.c.objc; path = LZLiveViewController.m; sourceTree = "<group>"; };
		2F8A49CB1FA6D25900A535CD /* LZPageContentView.h */ = {isa = PBXFileReference; fileEncoding = 4; lastKnownFileType = sourcecode.c.h; path = LZPageContentView.h; sourceTree = "<group>"; };
		2F8A49CC1FA6D25900A535CD /* LZPageContentView.m */ = {isa = PBXFileReference; fileEncoding = 4; lastKnownFileType = sourcecode.c.objc; path = LZPageContentView.m; sourceTree = "<group>"; };
		2F8A49CD1FA6D25900A535CD /* LZScrollContentView.h */ = {isa = PBXFileReference; fileEncoding = 4; lastKnownFileType = sourcecode.c.h; path = LZScrollContentView.h; sourceTree = "<group>"; };
		2F8A49CE1FA6D25900A535CD /* LZSegmentTitleView.h */ = {isa = PBXFileReference; fileEncoding = 4; lastKnownFileType = sourcecode.c.h; path = LZSegmentTitleView.h; sourceTree = "<group>"; };
		2F8A49CF1FA6D25900A535CD /* LZSegmentTitleView.m */ = {isa = PBXFileReference; fileEncoding = 4; lastKnownFileType = sourcecode.c.objc; path = LZSegmentTitleView.m; sourceTree = "<group>"; };
		2F8A49D21FA6D3C700A535CD /* LZTeleplayCollectionViewCell.m */ = {isa = PBXFileReference; fileEncoding = 4; lastKnownFileType = sourcecode.c.objc; path = LZTeleplayCollectionViewCell.m; sourceTree = "<group>"; };
		2F8A49D31FA6D3C700A535CD /* LZTeleplayCollectionViewCell.xib */ = {isa = PBXFileReference; fileEncoding = 4; lastKnownFileType = file.xib; path = LZTeleplayCollectionViewCell.xib; sourceTree = "<group>"; };
		2F8A49D41FA6D3C700A535CD /* LZTeleplayCollectionViewCell.h */ = {isa = PBXFileReference; fileEncoding = 4; lastKnownFileType = sourcecode.c.h; path = LZTeleplayCollectionViewCell.h; sourceTree = "<group>"; };
		2F8A49DA1FA6E79500A535CD /* LZRecommandCollectionViewCell.h */ = {isa = PBXFileReference; lastKnownFileType = sourcecode.c.h; path = LZRecommandCollectionViewCell.h; sourceTree = "<group>"; };
		2F8A49DB1FA6E79600A535CD /* LZRecommandCollectionViewCell.m */ = {isa = PBXFileReference; lastKnownFileType = sourcecode.c.objc; path = LZRecommandCollectionViewCell.m; sourceTree = "<group>"; };
		2F8A49DC1FA6E79600A535CD /* LZRecommandCollectionViewCell.xib */ = {isa = PBXFileReference; lastKnownFileType = file.xib; path = LZRecommandCollectionViewCell.xib; sourceTree = "<group>"; };
		2F8A49E01FA707A300A535CD /* LZRecommandReusableView.h */ = {isa = PBXFileReference; lastKnownFileType = sourcecode.c.h; path = LZRecommandReusableView.h; sourceTree = "<group>"; };
		2F8A49E11FA707A300A535CD /* LZRecommandReusableView.m */ = {isa = PBXFileReference; lastKnownFileType = sourcecode.c.objc; path = LZRecommandReusableView.m; sourceTree = "<group>"; };
		2F8A49E21FA707A300A535CD /* LZRecommandReusableView.xib */ = {isa = PBXFileReference; lastKnownFileType = file.xib; path = LZRecommandReusableView.xib; sourceTree = "<group>"; };
		2FA3862F1F9DCA1A000E872B /* LZRootView.json */ = {isa = PBXFileReference; lastKnownFileType = text.json; path = LZRootView.json; sourceTree = "<group>"; };
		62F61F2CD06464E91E9808D7 /* Pods-LZKit.debug.xcconfig */ = {isa = PBXFileReference; includeInIndex = 1; lastKnownFileType = text.xcconfig; name = "Pods-LZKit.debug.xcconfig"; path = "Pods/Target Support Files/Pods-LZKit/Pods-LZKit.debug.xcconfig"; sourceTree = "<group>"; };
		ACE43552A09BD713CA762A7E /* Pods_LZKit.framework */ = {isa = PBXFileReference; explicitFileType = wrapper.framework; includeInIndex = 0; path = Pods_LZKit.framework; sourceTree = BUILT_PRODUCTS_DIR; };
		E74476511F9660C9002EC7B8 /* LZKit.app */ = {isa = PBXFileReference; explicitFileType = wrapper.application; includeInIndex = 0; path = LZKit.app; sourceTree = BUILT_PRODUCTS_DIR; };
		E74476551F9660C9002EC7B8 /* main.m */ = {isa = PBXFileReference; lastKnownFileType = sourcecode.c.objc; path = main.m; sourceTree = "<group>"; };
		E74476571F9660C9002EC7B8 /* AppDelegate.h */ = {isa = PBXFileReference; lastKnownFileType = sourcecode.c.h; path = AppDelegate.h; sourceTree = "<group>"; };
		E74476581F9660C9002EC7B8 /* AppDelegate.m */ = {isa = PBXFileReference; lastKnownFileType = sourcecode.c.objc; path = AppDelegate.m; sourceTree = "<group>"; };
		E744765E1F9660C9002EC7B8 /* Base */ = {isa = PBXFileReference; lastKnownFileType = file.storyboard; name = Base; path = Base.lproj/Main.storyboard; sourceTree = "<group>"; };
		E74476601F9660C9002EC7B8 /* Assets.xcassets */ = {isa = PBXFileReference; lastKnownFileType = folder.assetcatalog; path = Assets.xcassets; sourceTree = "<group>"; };
		E74476631F9660C9002EC7B8 /* Base */ = {isa = PBXFileReference; lastKnownFileType = file.storyboard; name = Base; path = Base.lproj/LaunchScreen.storyboard; sourceTree = "<group>"; };
		E74476651F9660C9002EC7B8 /* Info.plist */ = {isa = PBXFileReference; lastKnownFileType = text.plist.xml; path = Info.plist; sourceTree = "<group>"; };
		E744766A1F9660C9002EC7B8 /* LZKitTests.xctest */ = {isa = PBXFileReference; explicitFileType = wrapper.cfbundle; includeInIndex = 0; path = LZKitTests.xctest; sourceTree = BUILT_PRODUCTS_DIR; };
		E744766E1F9660C9002EC7B8 /* LZKitTests.m */ = {isa = PBXFileReference; lastKnownFileType = sourcecode.c.objc; path = LZKitTests.m; sourceTree = "<group>"; };
		E74476701F9660C9002EC7B8 /* Info.plist */ = {isa = PBXFileReference; lastKnownFileType = text.plist.xml; path = Info.plist; sourceTree = "<group>"; };
		E74476751F9660C9002EC7B8 /* LZKitUITests.xctest */ = {isa = PBXFileReference; explicitFileType = wrapper.cfbundle; includeInIndex = 0; path = LZKitUITests.xctest; sourceTree = BUILT_PRODUCTS_DIR; };
		E74476791F9660C9002EC7B8 /* LZKitUITests.m */ = {isa = PBXFileReference; lastKnownFileType = sourcecode.c.objc; path = LZKitUITests.m; sourceTree = "<group>"; };
		E744767B1F9660C9002EC7B8 /* Info.plist */ = {isa = PBXFileReference; lastKnownFileType = text.plist.xml; path = Info.plist; sourceTree = "<group>"; };
		E764B1241F96698D00402F31 /* LZKit.pch */ = {isa = PBXFileReference; fileEncoding = 4; lastKnownFileType = sourcecode.c.h; path = LZKit.pch; sourceTree = "<group>"; };
/* End PBXFileReference section */

/* Begin PBXFrameworksBuildPhase section */
		E744764E1F9660C9002EC7B8 /* Frameworks */ = {
			isa = PBXFrameworksBuildPhase;
			buildActionMask = 2147483647;
			files = (
				D9FA85BDCF0B9F24F9050B5D /* Pods_LZKit.framework in Frameworks */,
			);
			runOnlyForDeploymentPostprocessing = 0;
		};
		E74476671F9660C9002EC7B8 /* Frameworks */ = {
			isa = PBXFrameworksBuildPhase;
			buildActionMask = 2147483647;
			files = (
			);
			runOnlyForDeploymentPostprocessing = 0;
		};
		E74476721F9660C9002EC7B8 /* Frameworks */ = {
			isa = PBXFrameworksBuildPhase;
			buildActionMask = 2147483647;
			files = (
			);
			runOnlyForDeploymentPostprocessing = 0;
		};
/* End PBXFrameworksBuildPhase section */

/* Begin PBXGroup section */
		2F530C151F96FDF8001815DD /* Classes */ = {
			isa = PBXGroup;
			children = (
				2F530C161F96FDF8001815DD /* Application */,
				2F530C211F96FDF8001815DD /* Basic */,
				2F530C231F96FDF8001815DD /* General(通用类) */,
				2F530C241F96FDF8001815DD /* Macro(宏定义类) */,
				2F530C261F96FDF8001815DD /* UISections(各个模块) */,
				2F530C271F96FDF8001815DD /* Utilities */,
				2F530C2A1F96FDF8001815DD /* Vendors(第三方) */,
			);
			path = Classes;
			sourceTree = "<group>";
		};
		2F530C161F96FDF8001815DD /* Application */ = {
			isa = PBXGroup;
			children = (
				2F530C511F9737C8001815DD /* Application(扩展) */,
				2F530C1D1F96FDF8001815DD /* LZNavigationController.h */,
				2F530C1E1F96FDF8001815DD /* LZNavigationController.m */,
				2F530C1F1F96FDF8001815DD /* LZRootViewController.h */,
				2F530C201F96FDF8001815DD /* LZRootViewController.m */,
				2FA3862F1F9DCA1A000E872B /* LZRootView.json */,
			);
			path = Application;
			sourceTree = "<group>";
		};
		2F530C211F96FDF8001815DD /* Basic */ = {
			isa = PBXGroup;
			children = (
				2F530C221F96FDF8001815DD /* LZKit.h */,
				2F530C441F9733F6001815DD /* LZBaseTableViewController.h */,
				2F530C451F9733F6001815DD /* LZBaseTableViewController.m */,
				2F85074B1FA335F7005E26D9 /* LZBaseViewController.h */,
				2F85074C1FA335F7005E26D9 /* LZBaseViewController.m */,
			);
			path = Basic;
			sourceTree = "<group>";
		};
		2F530C231F96FDF8001815DD /* General(通用类) */ = {
			isa = PBXGroup;
			children = (
			);
			path = "General(通用类)";
			sourceTree = "<group>";
		};
		2F530C241F96FDF8001815DD /* Macro(宏定义类) */ = {
			isa = PBXGroup;
			children = (
				2F530C251F96FDF8001815DD /* AppConstant.h */,
			);
			path = "Macro(宏定义类)";
			sourceTree = "<group>";
		};
		2F530C261F96FDF8001815DD /* UISections(各个模块) */ = {
			isa = PBXGroup;
			children = (
				2F8A49DF1FA7076A00A535CD /* Templet(重用模板) */,
				2F8A49C31FA6D04D00A535CD /* Live(直播) */,
				2FAAEEF01FA1D3D300F96A08 /* 第二页 */,
				2F530C471F9734B6001815DD /* Home(主页) */,
			);
			path = "UISections(各个模块)";
			sourceTree = "<group>";
		};
		2F530C271F96FDF8001815DD /* Utilities */ = {
			isa = PBXGroup;
			children = (
				2F8A49CA1FA6D25900A535CD /* LZScrollContentView */,
				2F8507581FA339E2005E26D9 /* LZExtension */,
				2F530C4E1F9737BF001815DD /* UIViewController+LZExtension.h */,
				2F530C4F1F9737BF001815DD /* UIViewController+LZExtension.m */,
			);
			path = Utilities;
			sourceTree = "<group>";
		};
		2F530C2A1F96FDF8001815DD /* Vendors(第三方) */ = {
			isa = PBXGroup;
			children = (
			);
			path = "Vendors(第三方)";
			sourceTree = "<group>";
		};
		2F530C471F9734B6001815DD /* Home(主页) */ = {
			isa = PBXGroup;
			children = (
				2F530C481F9734B6001815DD /* Controller */,
				2F530C491F9734B6001815DD /* Model */,
				2F530C4A1F9734B6001815DD /* View */,
			);
			path = "Home(主页)";
			sourceTree = "<group>";
		};
		2F530C481F9734B6001815DD /* Controller */ = {
			isa = PBXGroup;
			children = (
				2F530C4B1F97350F001815DD /* LZHomeViewController.h */,
				2F530C4C1F97350F001815DD /* LZHomeViewController.m */,
			);
			path = Controller;
			sourceTree = "<group>";
		};
		2F530C491F9734B6001815DD /* Model */ = {
			isa = PBXGroup;
			children = (
			);
			path = Model;
			sourceTree = "<group>";
		};
		2F530C4A1F9734B6001815DD /* View */ = {
			isa = PBXGroup;
			children = (
				2F8507531FA336AE005E26D9 /* LZHomeTableViewCell.h */,
				2F8507541FA336AE005E26D9 /* LZHomeTableViewCell.m */,
				2F8507551FA336AE005E26D9 /* LZHomeTableViewCell.xib */,
			);
			path = View;
			sourceTree = "<group>";
		};
		2F530C511F9737C8001815DD /* Application(扩展) */ = {
			isa = PBXGroup;
			children = (
				2F530C521F9737C8001815DD /* LZDelegateHandler.h */,
				2F530C531F9737C8001815DD /* LZDelegateHandler.m */,
				2F530C541F9737C8001815DD /* LZNavigationBarConfigure.h */,
				2F530C551F9737C8001815DD /* LZNavigationBarConfigure.m */,
				2F530C561F9737C8001815DD /* LZNavigationBarViewController.h */,
				2F530C571F9737C8001815DD /* LZNavigationBarViewController.m */,
				2F530C581F9737C8001815DD /* LZPopTransitionAnimation.h */,
				2F530C591F9737C8001815DD /* LZPopTransitionAnimation.m */,
				2F530C5A1F9737C8001815DD /* LZPushTransitionAnimation.h */,
				2F530C5B1F9737C8001815DD /* LZPushTransitionAnimation.m */,
				2F530C5C1F9737C8001815DD /* UINavigationController+LZCategory.h */,
				2F530C5D1F9737C8001815DD /* UINavigationController+LZCategory.m */,
			);
			path = "Application(扩展)";
			sourceTree = "<group>";
		};
		2F8507581FA339E2005E26D9 /* LZExtension */ = {
			isa = PBXGroup;
			children = (
				2F8507591FA339E2005E26D9 /* Category-Foundation */,
				2F8507721FA339E2005E26D9 /* Category-UIKit */,
				2F8507C91FA33A0D005E26D9 /* LZExtensions.h */,
			);
			path = LZExtension;
			sourceTree = "<group>";
		};
		2F8507591FA339E2005E26D9 /* Category-Foundation */ = {
			isa = PBXGroup;
			children = (
				2F85075A1FA339E2005E26D9 /* NSArray+Extension.h */,
				2F85075B1FA339E2005E26D9 /* NSArray+Extension.m */,
				2F85075C1FA339E2005E26D9 /* NSData+Extension.h */,
				2F85075D1FA339E2005E26D9 /* NSData+Extension.m */,
				2F85075E1FA339E2005E26D9 /* NSDate+Extension.h */,
				2F85075F1FA339E2005E26D9 /* NSDate+Extension.m */,
				2F8507601FA339E2005E26D9 /* NSDate+TimeExtension.h */,
				2F8507611FA339E2005E26D9 /* NSDate+TimeExtension.m */,
				2F8507621FA339E2005E26D9 /* NSDictionary+Extension.h */,
				2F8507631FA339E2005E26D9 /* NSDictionary+Extension.m */,
				2F8507641FA339E2005E26D9 /* NSFileManager+Extension.h */,
				2F8507651FA339E2005E26D9 /* NSFileManager+Extension.m */,
				2F8507661FA339E2005E26D9 /* NSMutableArray+Extension.h */,
				2F8507671FA339E2005E26D9 /* NSMutableArray+Extension.m */,
				2F8507681FA339E2005E26D9 /* NSMutableDictionary+Extension.h */,
				2F8507691FA339E2005E26D9 /* NSMutableDictionary+Extension.m */,
				2F85076A1FA339E2005E26D9 /* NSNumber+Extension.h */,
				2F85076B1FA339E2005E26D9 /* NSNumber+Extension.m */,
				2F85076C1FA339E2005E26D9 /* NSObject+Extension.h */,
				2F85076D1FA339E2005E26D9 /* NSObject+Extension.m */,
				2F85076E1FA339E2005E26D9 /* NSProcessInfo+Extension.h */,
				2F85076F1FA339E2005E26D9 /* NSProcessInfo+Extension.m */,
				2F8507701FA339E2005E26D9 /* NSString+Extension.h */,
				2F8507711FA339E2005E26D9 /* NSString+Extension.m */,
			);
			path = "Category-Foundation";
			sourceTree = "<group>";
		};
		2F8507721FA339E2005E26D9 /* Category-UIKit */ = {
			isa = PBXGroup;
			children = (
				2F8507731FA339E2005E26D9 /* NSBundle+Extension.h */,
				2F8507741FA339E2005E26D9 /* NSBundle+Extension.m */,
				2F8507751FA339E2005E26D9 /* UIApplication+Extensions.h */,
				2F8507761FA339E2005E26D9 /* UIApplication+Extensions.m */,
				2F8507771FA339E2005E26D9 /* UIBarButtonItem+Extension.h */,
				2F8507781FA339E2005E26D9 /* UIBarButtonItem+Extension.m */,
				2F8507791FA339E2005E26D9 /* UIButton+Extension.h */,
				2F85077A1FA339E2005E26D9 /* UIButton+Extension.m */,
				2F85077B1FA339E2005E26D9 /* UIButton+Extensions.h */,
				2F85077C1FA339E2005E26D9 /* UIButton+Extensions.m */,
				2F85077D1FA339E2005E26D9 /* UIColor+Extension.h */,
				2F85077E1FA339E2005E26D9 /* UIColor+Extension.m */,
				2F85077F1FA339E2005E26D9 /* UIControl+Extension.h */,
				2F8507801FA339E2005E26D9 /* UIControl+Extension.m */,
				2F8507811FA339E2005E26D9 /* UIDevice+Extension.h */,
				2F8507821FA339E2005E26D9 /* UIDevice+Extension.m */,
				2F8507831FA339E2005E26D9 /* UIFont+Extension.h */,
				2F8507841FA339E2005E26D9 /* UIFont+Extension.m */,
				2F8507851FA339E2005E26D9 /* UIImage+Extension.h */,
				2F8507861FA339E2005E26D9 /* UIImage+Extension.m */,
				2F8507871FA339E2005E26D9 /* UIImageView+Extension.h */,
				2F8507881FA339E2005E26D9 /* UIImageView+Extension.m */,
				2F8507891FA339E2005E26D9 /* UILabel+Extension.h */,
				2F85078A1FA339E2005E26D9 /* UILabel+Extension.m */,
				2F85078B1FA339E2005E26D9 /* UINavigationBar+Extension.h */,
				2F85078C1FA339E2005E26D9 /* UINavigationBar+Extension.m */,
				2F85078D1FA339E2005E26D9 /* UIScreen+Extension.h */,
				2F85078E1FA339E2005E26D9 /* UIScreen+Extension.m */,
				2F85078F1FA339E2005E26D9 /* UIScrollView+Extension.h */,
				2F8507901FA339E2005E26D9 /* UIScrollView+Extension.m */,
				2F8507911FA339E2005E26D9 /* UITableView+Extension.h */,
				2F8507921FA339E2005E26D9 /* UITableView+Extension.m */,
				2F8507931FA339E2005E26D9 /* UITextField+Extension.h */,
				2F8507941FA339E2005E26D9 /* UITextField+Extension.m */,
				2F8507951FA339E2005E26D9 /* UIToolbar+Extension.h */,
				2F8507961FA339E2005E26D9 /* UIToolbar+Extension.m */,
				2F8507971FA339E2005E26D9 /* UIView+Extension.h */,
				2F8507981FA339E2005E26D9 /* UIView+Extension.m */,
				2F8507991FA339E2005E26D9 /* UIView+IBExtension.h */,
				2F85079A1FA339E2005E26D9 /* UIView+IBExtension.m */,
				2F85079B1FA339E2005E26D9 /* UIView+Runtime.h */,
				2F85079C1FA339E2005E26D9 /* UIView+Runtime.m */,
				2F85079D1FA339E2005E26D9 /* UIViewController+Extension.h */,
				2F85079E1FA339E2005E26D9 /* UIViewController+Extension.m */,
				2F85079F1FA339E2005E26D9 /* UIViewController+LZExtension.h */,
				2F8507A01FA339E2005E26D9 /* UIWebView+Extension.h */,
				2F8507A11FA339E2005E26D9 /* UIWebView+Extension.m */,
				2F8507A21FA339E2005E26D9 /* UIWindow+Extension.h */,
				2F8507A31FA339E2005E26D9 /* UIWindow+Extension.m */,
			);
			path = "Category-UIKit";
			sourceTree = "<group>";
		};
		2F8A49C31FA6D04D00A535CD /* Live(直播) */ = {
			isa = PBXGroup;
			children = (
				2F8A49C41FA6D04D00A535CD /* Controller */,
				2F8A49C51FA6D04D00A535CD /* Model */,
				2F8A49C61FA6D04D00A535CD /* View */,
			);
			path = "Live(直播)";
			sourceTree = "<group>";
		};
		2F8A49C41FA6D04D00A535CD /* Controller */ = {
			isa = PBXGroup;
			children = (
				2F8A49C71FA6D07D00A535CD /* LZLiveViewController.h */,
				2F8A49C81FA6D07D00A535CD /* LZLiveViewController.m */,
			);
			path = Controller;
			sourceTree = "<group>";
		};
		2F8A49C51FA6D04D00A535CD /* Model */ = {
			isa = PBXGroup;
			children = (
			);
			path = Model;
			sourceTree = "<group>";
		};
		2F8A49C61FA6D04D00A535CD /* View */ = {
			isa = PBXGroup;
			children = (
				2F8A49D41FA6D3C700A535CD /* LZTeleplayCollectionViewCell.h */,
				2F8A49D21FA6D3C700A535CD /* LZTeleplayCollectionViewCell.m */,
				2F8A49D31FA6D3C700A535CD /* LZTeleplayCollectionViewCell.xib */,
				2F8A49DA1FA6E79500A535CD /* LZRecommandCollectionViewCell.h */,
				2F8A49DB1FA6E79600A535CD /* LZRecommandCollectionViewCell.m */,
				2F8A49DC1FA6E79600A535CD /* LZRecommandCollectionViewCell.xib */,
			);
			path = View;
			sourceTree = "<group>";
		};
		2F8A49CA1FA6D25900A535CD /* LZScrollContentView */ = {
			isa = PBXGroup;
			children = (
				2F8A49CB1FA6D25900A535CD /* LZPageContentView.h */,
				2F8A49CC1FA6D25900A535CD /* LZPageContentView.m */,
				2F8A49CD1FA6D25900A535CD /* LZScrollContentView.h */,
				2F8A49CE1FA6D25900A535CD /* LZSegmentTitleView.h */,
				2F8A49CF1FA6D25900A535CD /* LZSegmentTitleView.m */,
			);
			path = LZScrollContentView;
			sourceTree = "<group>";
		};
		2F8A49DF1FA7076A00A535CD /* Templet(重用模板) */ = {
			isa = PBXGroup;
			children = (
				2F8A49E01FA707A300A535CD /* LZRecommandReusableView.h */,
				2F8A49E11FA707A300A535CD /* LZRecommandReusableView.m */,
				2F8A49E21FA707A300A535CD /* LZRecommandReusableView.xib */,
			);
			path = "Templet(重用模板)";
			sourceTree = "<group>";
		};
		2FAAEEF01FA1D3D300F96A08 /* 第二页 */ = {
			isa = PBXGroup;
			children = (
				2FAAEEF31FA1D4B100F96A08 /* Controller */,
				2FAAEEF21FA1D4B100F96A08 /* Model */,
				2FAAEEF11FA1D4B100F96A08 /* View */,
			);
			path = "第二页";
			sourceTree = "<group>";
		};
		2FAAEEF11FA1D4B100F96A08 /* View */ = {
			isa = PBXGroup;
			children = (
			);
			path = View;
			sourceTree = "<group>";
		};
		2FAAEEF21FA1D4B100F96A08 /* Model */ = {
			isa = PBXGroup;
			children = (
			);
			path = Model;
			sourceTree = "<group>";
		};
		2FAAEEF31FA1D4B100F96A08 /* Controller */ = {
			isa = PBXGroup;
			children = (
				2F85074E1FA33644005E26D9 /* LZSecondViewController.h */,
				2F85074F1FA33644005E26D9 /* LZSecondViewController.m */,
				2F8507501FA33644005E26D9 /* LZSecondViewController.xib */,
			);
			path = Controller;
			sourceTree = "<group>";
		};
		5D6C579A928599484FAF92F3 /* Pods */ = {
			isa = PBXGroup;
			children = (
				62F61F2CD06464E91E9808D7 /* Pods-LZKit.debug.xcconfig */,
				0DC009B45764B8BBB6AB0690 /* Pods-LZKit.release.xcconfig */,
			);
			name = Pods;
			sourceTree = "<group>";
		};
		93456978801D33754D223331 /* Frameworks */ = {
			isa = PBXGroup;
			children = (
				ACE43552A09BD713CA762A7E /* Pods_LZKit.framework */,
			);
			name = Frameworks;
			sourceTree = "<group>";
		};
		E74476481F9660C9002EC7B8 = {
			isa = PBXGroup;
			children = (
				E74476531F9660C9002EC7B8 /* LZKit */,
				E744766D1F9660C9002EC7B8 /* LZKitTests */,
				E74476781F9660C9002EC7B8 /* LZKitUITests */,
				E74476521F9660C9002EC7B8 /* Products */,
				5D6C579A928599484FAF92F3 /* Pods */,
				93456978801D33754D223331 /* Frameworks */,
			);
			sourceTree = "<group>";
		};
		E74476521F9660C9002EC7B8 /* Products */ = {
			isa = PBXGroup;
			children = (
				E74476511F9660C9002EC7B8 /* LZKit.app */,
				E744766A1F9660C9002EC7B8 /* LZKitTests.xctest */,
				E74476751F9660C9002EC7B8 /* LZKitUITests.xctest */,
			);
			name = Products;
			sourceTree = "<group>";
		};
		E74476531F9660C9002EC7B8 /* LZKit */ = {
			isa = PBXGroup;
			children = (
				2F530C151F96FDF8001815DD /* Classes */,
				E764B1241F96698D00402F31 /* LZKit.pch */,
				E74476571F9660C9002EC7B8 /* AppDelegate.h */,
				E74476581F9660C9002EC7B8 /* AppDelegate.m */,
				E744765D1F9660C9002EC7B8 /* Main.storyboard */,
				E74476601F9660C9002EC7B8 /* Assets.xcassets */,
				E74476621F9660C9002EC7B8 /* LaunchScreen.storyboard */,
				E74476651F9660C9002EC7B8 /* Info.plist */,
				E74476541F9660C9002EC7B8 /* Supporting Files */,
			);
			path = LZKit;
			sourceTree = "<group>";
		};
		E74476541F9660C9002EC7B8 /* Supporting Files */ = {
			isa = PBXGroup;
			children = (
				E74476551F9660C9002EC7B8 /* main.m */,
			);
			name = "Supporting Files";
			sourceTree = "<group>";
		};
		E744766D1F9660C9002EC7B8 /* LZKitTests */ = {
			isa = PBXGroup;
			children = (
				E744766E1F9660C9002EC7B8 /* LZKitTests.m */,
				E74476701F9660C9002EC7B8 /* Info.plist */,
			);
			path = LZKitTests;
			sourceTree = "<group>";
		};
		E74476781F9660C9002EC7B8 /* LZKitUITests */ = {
			isa = PBXGroup;
			children = (
				E74476791F9660C9002EC7B8 /* LZKitUITests.m */,
				E744767B1F9660C9002EC7B8 /* Info.plist */,
			);
			path = LZKitUITests;
			sourceTree = "<group>";
		};
/* End PBXGroup section */

/* Begin PBXNativeTarget section */
		E74476501F9660C9002EC7B8 /* LZKit */ = {
			isa = PBXNativeTarget;
			buildConfigurationList = E744767E1F9660C9002EC7B8 /* Build configuration list for PBXNativeTarget "LZKit" */;
			buildPhases = (
				D0FAF7547DBCFD1FF64164D9 /* [CP] Check Pods Manifest.lock */,
				E744764D1F9660C9002EC7B8 /* Sources */,
				E744764E1F9660C9002EC7B8 /* Frameworks */,
				E744764F1F9660C9002EC7B8 /* Resources */,
				EB037B045F2491DCE37D700A /* [CP] Embed Pods Frameworks */,
				F8EF8428E0721496EE82791D /* [CP] Copy Pods Resources */,
			);
			buildRules = (
			);
			dependencies = (
			);
			name = LZKit;
			productName = LZKit;
			productReference = E74476511F9660C9002EC7B8 /* LZKit.app */;
			productType = "com.apple.product-type.application";
		};
		E74476691F9660C9002EC7B8 /* LZKitTests */ = {
			isa = PBXNativeTarget;
			buildConfigurationList = E74476811F9660C9002EC7B8 /* Build configuration list for PBXNativeTarget "LZKitTests" */;
			buildPhases = (
				E74476661F9660C9002EC7B8 /* Sources */,
				E74476671F9660C9002EC7B8 /* Frameworks */,
				E74476681F9660C9002EC7B8 /* Resources */,
			);
			buildRules = (
			);
			dependencies = (
				E744766C1F9660C9002EC7B8 /* PBXTargetDependency */,
			);
			name = LZKitTests;
			productName = LZKitTests;
			productReference = E744766A1F9660C9002EC7B8 /* LZKitTests.xctest */;
			productType = "com.apple.product-type.bundle.unit-test";
		};
		E74476741F9660C9002EC7B8 /* LZKitUITests */ = {
			isa = PBXNativeTarget;
			buildConfigurationList = E74476841F9660C9002EC7B8 /* Build configuration list for PBXNativeTarget "LZKitUITests" */;
			buildPhases = (
				E74476711F9660C9002EC7B8 /* Sources */,
				E74476721F9660C9002EC7B8 /* Frameworks */,
				E74476731F9660C9002EC7B8 /* Resources */,
			);
			buildRules = (
			);
			dependencies = (
				E74476771F9660C9002EC7B8 /* PBXTargetDependency */,
			);
			name = LZKitUITests;
			productName = LZKitUITests;
			productReference = E74476751F9660C9002EC7B8 /* LZKitUITests.xctest */;
			productType = "com.apple.product-type.bundle.ui-testing";
		};
/* End PBXNativeTarget section */

/* Begin PBXProject section */
		E74476491F9660C9002EC7B8 /* Project object */ = {
			isa = PBXProject;
			attributes = {
				LastUpgradeCheck = 0900;
				ORGANIZATIONNAME = "寕小陌";
				TargetAttributes = {
					E74476501F9660C9002EC7B8 = {
						CreatedOnToolsVersion = 8.3.3;
						DevelopmentTeam = 9TG69MYF39;
						ProvisioningStyle = Automatic;
					};
					E74476691F9660C9002EC7B8 = {
						CreatedOnToolsVersion = 8.3.3;
						DevelopmentTeam = 8RL8MGBZ32;
						ProvisioningStyle = Automatic;
						TestTargetID = E74476501F9660C9002EC7B8;
					};
					E74476741F9660C9002EC7B8 = {
						CreatedOnToolsVersion = 8.3.3;
						DevelopmentTeam = 8RL8MGBZ32;
						ProvisioningStyle = Automatic;
						TestTargetID = E74476501F9660C9002EC7B8;
					};
				};
			};
			buildConfigurationList = E744764C1F9660C9002EC7B8 /* Build configuration list for PBXProject "LZKit" */;
			compatibilityVersion = "Xcode 3.2";
			developmentRegion = English;
			hasScannedForEncodings = 0;
			knownRegions = (
				en,
				Base,
			);
			mainGroup = E74476481F9660C9002EC7B8;
			productRefGroup = E74476521F9660C9002EC7B8 /* Products */;
			projectDirPath = "";
			projectRoot = "";
			targets = (
				E74476501F9660C9002EC7B8 /* LZKit */,
				E74476691F9660C9002EC7B8 /* LZKitTests */,
				E74476741F9660C9002EC7B8 /* LZKitUITests */,
			);
		};
/* End PBXProject section */

/* Begin PBXResourcesBuildPhase section */
		E744764F1F9660C9002EC7B8 /* Resources */ = {
			isa = PBXResourcesBuildPhase;
			buildActionMask = 2147483647;
			files = (
				2F8507521FA33644005E26D9 /* LZSecondViewController.xib in Resources */,
				2FA386301F9DCA1A000E872B /* LZRootView.json in Resources */,
				2F8A49D61FA6D3C700A535CD /* LZTeleplayCollectionViewCell.xib in Resources */,
				2F8A49E41FA707A300A535CD /* LZRecommandReusableView.xib in Resources */,
				2F8507571FA336AE005E26D9 /* LZHomeTableViewCell.xib in Resources */,
				E74476641F9660C9002EC7B8 /* LaunchScreen.storyboard in Resources */,
				E74476611F9660C9002EC7B8 /* Assets.xcassets in Resources */,
				E744765F1F9660C9002EC7B8 /* Main.storyboard in Resources */,
				2F8A49DE1FA6E79600A535CD /* LZRecommandCollectionViewCell.xib in Resources */,
			);
			runOnlyForDeploymentPostprocessing = 0;
		};
		E74476681F9660C9002EC7B8 /* Resources */ = {
			isa = PBXResourcesBuildPhase;
			buildActionMask = 2147483647;
			files = (
			);
			runOnlyForDeploymentPostprocessing = 0;
		};
		E74476731F9660C9002EC7B8 /* Resources */ = {
			isa = PBXResourcesBuildPhase;
			buildActionMask = 2147483647;
			files = (
			);
			runOnlyForDeploymentPostprocessing = 0;
		};
/* End PBXResourcesBuildPhase section */

/* Begin PBXShellScriptBuildPhase section */
		D0FAF7547DBCFD1FF64164D9 /* [CP] Check Pods Manifest.lock */ = {
			isa = PBXShellScriptBuildPhase;
			buildActionMask = 2147483647;
			files = (
			);
			inputPaths = (
				"${PODS_PODFILE_DIR_PATH}/Podfile.lock",
				"${PODS_ROOT}/Manifest.lock",
			);
			name = "[CP] Check Pods Manifest.lock";
			outputPaths = (
				"$(DERIVED_FILE_DIR)/Pods-LZKit-checkManifestLockResult.txt",
			);
			runOnlyForDeploymentPostprocessing = 0;
			shellPath = /bin/sh;
			shellScript = "diff \"${PODS_PODFILE_DIR_PATH}/Podfile.lock\" \"${PODS_ROOT}/Manifest.lock\" > /dev/null\nif [ $? != 0 ] ; then\n    # print error to STDERR\n    echo \"error: The sandbox is not in sync with the Podfile.lock. Run 'pod install' or update your CocoaPods installation.\" >&2\n    exit 1\nfi\n# This output is used by Xcode 'outputs' to avoid re-running this script phase.\necho \"SUCCESS\" > \"${SCRIPT_OUTPUT_FILE_0}\"\n";
			showEnvVarsInLog = 0;
		};
		EB037B045F2491DCE37D700A /* [CP] Embed Pods Frameworks */ = {
			isa = PBXShellScriptBuildPhase;
			buildActionMask = 2147483647;
			files = (
			);
			inputPaths = (
				"${SRCROOT}/Pods/Target Support Files/Pods-LZKit/Pods-LZKit-frameworks.sh",
				"${BUILT_PRODUCTS_DIR}/MJExtension/MJExtension.framework",
				"${BUILT_PRODUCTS_DIR}/Masonry/Masonry.framework",
				"${BUILT_PRODUCTS_DIR}/SDWebImage/SDWebImage.framework",
			);
			name = "[CP] Embed Pods Frameworks";
			outputPaths = (
				"${TARGET_BUILD_DIR}/${FRAMEWORKS_FOLDER_PATH}/MJExtension.framework",
				"${TARGET_BUILD_DIR}/${FRAMEWORKS_FOLDER_PATH}/Masonry.framework",
				"${TARGET_BUILD_DIR}/${FRAMEWORKS_FOLDER_PATH}/SDWebImage.framework",
			);
			runOnlyForDeploymentPostprocessing = 0;
			shellPath = /bin/sh;
			shellScript = "\"${SRCROOT}/Pods/Target Support Files/Pods-LZKit/Pods-LZKit-frameworks.sh\"\n";
			showEnvVarsInLog = 0;
		};
		F8EF8428E0721496EE82791D /* [CP] Copy Pods Resources */ = {
			isa = PBXShellScriptBuildPhase;
			buildActionMask = 2147483647;
			files = (
			);
			inputPaths = (
			);
			name = "[CP] Copy Pods Resources";
			outputPaths = (
			);
			runOnlyForDeploymentPostprocessing = 0;
			shellPath = /bin/sh;
			shellScript = "\"${SRCROOT}/Pods/Target Support Files/Pods-LZKit/Pods-LZKit-resources.sh\"\n";
			showEnvVarsInLog = 0;
		};
/* End PBXShellScriptBuildPhase section */

/* Begin PBXSourcesBuildPhase section */
		E744764D1F9660C9002EC7B8 /* Sources */ = {
			isa = PBXSourcesBuildPhase;
			buildActionMask = 2147483647;
			files = (
				2F8A49E31FA707A300A535CD /* LZRecommandReusableView.m in Sources */,
				2F85074D1FA335F7005E26D9 /* LZBaseViewController.m in Sources */,
				2F8507AE1FA339E2005E26D9 /* NSObject+Extension.m in Sources */,
				2F8507C51FA339E2005E26D9 /* UIView+Runtime.m in Sources */,
				2F8507C11FA339E2005E26D9 /* UITextField+Extension.m in Sources */,
				2F530C4D1F97350F001815DD /* LZHomeViewController.m in Sources */,
				2F8A49C91FA6D07D00A535CD /* LZLiveViewController.m in Sources */,
				2F8507561FA336AE005E26D9 /* LZHomeTableViewCell.m in Sources */,
				2F8507C71FA339E2005E26D9 /* UIWebView+Extension.m in Sources */,
				2F8507AC1FA339E2005E26D9 /* NSMutableDictionary+Extension.m in Sources */,
				2F530C501F9737BF001815DD /* UIViewController+LZExtension.m in Sources */,
				2F530C601F9737C9001815DD /* LZNavigationBarViewController.m in Sources */,
				2F8507BA1FA339E2005E26D9 /* UIImage+Extension.m in Sources */,
				2F8507B61FA339E2005E26D9 /* UIColor+Extension.m in Sources */,
				2F8A49D11FA6D25900A535CD /* LZSegmentTitleView.m in Sources */,
				2F8A49D51FA6D3C700A535CD /* LZTeleplayCollectionViewCell.m in Sources */,
				2F8507B51FA339E2005E26D9 /* UIButton+Extensions.m in Sources */,
				2F8507C81FA339E2005E26D9 /* UIWindow+Extension.m in Sources */,
				2F8507C41FA339E2005E26D9 /* UIView+IBExtension.m in Sources */,
				2F8507BF1FA339E2005E26D9 /* UIScrollView+Extension.m in Sources */,
				2F530C621F9737C9001815DD /* LZPushTransitionAnimation.m in Sources */,
				2F530C5F1F9737C9001815DD /* LZNavigationBarConfigure.m in Sources */,
				2F8507AB1FA339E2005E26D9 /* NSMutableArray+Extension.m in Sources */,
				2F8507AF1FA339E2005E26D9 /* NSProcessInfo+Extension.m in Sources */,
				2F8507A81FA339E2005E26D9 /* NSDate+TimeExtension.m in Sources */,
				2F8507C31FA339E2005E26D9 /* UIView+Extension.m in Sources */,
				2F8507AA1FA339E2005E26D9 /* NSFileManager+Extension.m in Sources */,
				E74476591F9660C9002EC7B8 /* AppDelegate.m in Sources */,
				2F530C461F9733F6001815DD /* LZBaseTableViewController.m in Sources */,
				2F8A49DD1FA6E79600A535CD /* LZRecommandCollectionViewCell.m in Sources */,
				2F8507C01FA339E2005E26D9 /* UITableView+Extension.m in Sources */,
				2F8507B31FA339E2005E26D9 /* UIBarButtonItem+Extension.m in Sources */,
				2F8507BB1FA339E2005E26D9 /* UIImageView+Extension.m in Sources */,
				2F8507B71FA339E2005E26D9 /* UIControl+Extension.m in Sources */,
				2F8507511FA33644005E26D9 /* LZSecondViewController.m in Sources */,
				2F8507C61FA339E2005E26D9 /* UIViewController+Extension.m in Sources */,
				2F8507B41FA339E2005E26D9 /* UIButton+Extension.m in Sources */,
				2F8507A91FA339E2005E26D9 /* NSDictionary+Extension.m in Sources */,
				2F8507A71FA339E2005E26D9 /* NSDate+Extension.m in Sources */,
				2F8507B21FA339E2005E26D9 /* UIApplication+Extensions.m in Sources */,
				2F8507C21FA339E2005E26D9 /* UIToolbar+Extension.m in Sources */,
				2F8507A51FA339E2005E26D9 /* NSArray+Extension.m in Sources */,
				2F8507BE1FA339E2005E26D9 /* UIScreen+Extension.m in Sources */,
				2F8507B91FA339E2005E26D9 /* UIFont+Extension.m in Sources */,
				2F8507BC1FA339E2005E26D9 /* UILabel+Extension.m in Sources */,
				2F8507B81FA339E2005E26D9 /* UIDevice+Extension.m in Sources */,
				2F8507AD1FA339E2005E26D9 /* NSNumber+Extension.m in Sources */,
				2F8A49D01FA6D25900A535CD /* LZPageContentView.m in Sources */,
				E74476561F9660C9002EC7B8 /* main.m in Sources */,
				2F530C631F9737C9001815DD /* UINavigationController+LZCategory.m in Sources */,
				2F8507B11FA339E2005E26D9 /* NSBundle+Extension.m in Sources */,
				2F530C5E1F9737C9001815DD /* LZDelegateHandler.m in Sources */,
				2F530C611F9737C9001815DD /* LZPopTransitionAnimation.m in Sources */,
				2F530C2F1F96FDF8001815DD /* LZRootViewController.m in Sources */,
				2F8507A61FA339E2005E26D9 /* NSData+Extension.m in Sources */,
				2F8507BD1FA339E2005E26D9 /* UINavigationBar+Extension.m in Sources */,
				2F530C2E1F96FDF8001815DD /* LZNavigationController.m in Sources */,
				2F8507B01FA339E2005E26D9 /* NSString+Extension.m in Sources */,
			);
			runOnlyForDeploymentPostprocessing = 0;
		};
		E74476661F9660C9002EC7B8 /* Sources */ = {
			isa = PBXSourcesBuildPhase;
			buildActionMask = 2147483647;
			files = (
				E744766F1F9660C9002EC7B8 /* LZKitTests.m in Sources */,
			);
			runOnlyForDeploymentPostprocessing = 0;
		};
		E74476711F9660C9002EC7B8 /* Sources */ = {
			isa = PBXSourcesBuildPhase;
			buildActionMask = 2147483647;
			files = (
				E744767A1F9660C9002EC7B8 /* LZKitUITests.m in Sources */,
			);
			runOnlyForDeploymentPostprocessing = 0;
		};
/* End PBXSourcesBuildPhase section */

/* Begin PBXTargetDependency section */
		E744766C1F9660C9002EC7B8 /* PBXTargetDependency */ = {
			isa = PBXTargetDependency;
			target = E74476501F9660C9002EC7B8 /* LZKit */;
			targetProxy = E744766B1F9660C9002EC7B8 /* PBXContainerItemProxy */;
		};
		E74476771F9660C9002EC7B8 /* PBXTargetDependency */ = {
			isa = PBXTargetDependency;
			target = E74476501F9660C9002EC7B8 /* LZKit */;
			targetProxy = E74476761F9660C9002EC7B8 /* PBXContainerItemProxy */;
		};
/* End PBXTargetDependency section */

/* Begin PBXVariantGroup section */
		E744765D1F9660C9002EC7B8 /* Main.storyboard */ = {
			isa = PBXVariantGroup;
			children = (
				E744765E1F9660C9002EC7B8 /* Base */,
			);
			name = Main.storyboard;
			sourceTree = "<group>";
		};
		E74476621F9660C9002EC7B8 /* LaunchScreen.storyboard */ = {
			isa = PBXVariantGroup;
			children = (
				E74476631F9660C9002EC7B8 /* Base */,
			);
			name = LaunchScreen.storyboard;
			sourceTree = "<group>";
		};
/* End PBXVariantGroup section */

/* Begin XCBuildConfiguration section */
		E744767C1F9660C9002EC7B8 /* Debug */ = {
			isa = XCBuildConfiguration;
			buildSettings = {
				ALWAYS_SEARCH_USER_PATHS = NO;
				CLANG_ANALYZER_NONNULL = YES;
				CLANG_ANALYZER_NUMBER_OBJECT_CONVERSION = YES_AGGRESSIVE;
				CLANG_CXX_LANGUAGE_STANDARD = "gnu++0x";
				CLANG_CXX_LIBRARY = "libc++";
				CLANG_ENABLE_MODULES = YES;
				CLANG_ENABLE_OBJC_ARC = YES;
				CLANG_WARN_BLOCK_CAPTURE_AUTORELEASING = YES;
				CLANG_WARN_BOOL_CONVERSION = YES;
				CLANG_WARN_COMMA = YES;
				CLANG_WARN_CONSTANT_CONVERSION = YES;
				CLANG_WARN_DIRECT_OBJC_ISA_USAGE = YES_ERROR;
				CLANG_WARN_DOCUMENTATION_COMMENTS = YES;
				CLANG_WARN_EMPTY_BODY = YES;
				CLANG_WARN_ENUM_CONVERSION = YES;
				CLANG_WARN_INFINITE_RECURSION = YES;
				CLANG_WARN_INT_CONVERSION = YES;
				CLANG_WARN_NON_LITERAL_NULL_CONVERSION = YES;
				CLANG_WARN_OBJC_LITERAL_CONVERSION = YES;
				CLANG_WARN_OBJC_ROOT_CLASS = YES_ERROR;
				CLANG_WARN_RANGE_LOOP_ANALYSIS = YES;
				CLANG_WARN_STRICT_PROTOTYPES = YES;
				CLANG_WARN_SUSPICIOUS_MOVE = YES;
				CLANG_WARN_UNREACHABLE_CODE = YES;
				CLANG_WARN__DUPLICATE_METHOD_MATCH = YES;
				"CODE_SIGN_IDENTITY[sdk=iphoneos*]" = "iPhone Developer";
				COPY_PHASE_STRIP = NO;
				DEBUG_INFORMATION_FORMAT = dwarf;
				ENABLE_STRICT_OBJC_MSGSEND = YES;
				ENABLE_TESTABILITY = YES;
				GCC_C_LANGUAGE_STANDARD = gnu99;
				GCC_DYNAMIC_NO_PIC = NO;
				GCC_NO_COMMON_BLOCKS = YES;
				GCC_OPTIMIZATION_LEVEL = 0;
				GCC_PREPROCESSOR_DEFINITIONS = (
					"DEBUG=1",
					"$(inherited)",
				);
				GCC_WARN_64_TO_32_BIT_CONVERSION = YES;
				GCC_WARN_ABOUT_RETURN_TYPE = YES_ERROR;
				GCC_WARN_UNDECLARED_SELECTOR = YES;
				GCC_WARN_UNINITIALIZED_AUTOS = YES_AGGRESSIVE;
				GCC_WARN_UNUSED_FUNCTION = YES;
				GCC_WARN_UNUSED_VARIABLE = YES;
				IPHONEOS_DEPLOYMENT_TARGET = 10.3;
				MTL_ENABLE_DEBUG_INFO = YES;
				ONLY_ACTIVE_ARCH = YES;
				SDKROOT = iphoneos;
			};
			name = Debug;
		};
		E744767D1F9660C9002EC7B8 /* Release */ = {
			isa = XCBuildConfiguration;
			buildSettings = {
				ALWAYS_SEARCH_USER_PATHS = NO;
				CLANG_ANALYZER_NONNULL = YES;
				CLANG_ANALYZER_NUMBER_OBJECT_CONVERSION = YES_AGGRESSIVE;
				CLANG_CXX_LANGUAGE_STANDARD = "gnu++0x";
				CLANG_CXX_LIBRARY = "libc++";
				CLANG_ENABLE_MODULES = YES;
				CLANG_ENABLE_OBJC_ARC = YES;
				CLANG_WARN_BLOCK_CAPTURE_AUTORELEASING = YES;
				CLANG_WARN_BOOL_CONVERSION = YES;
				CLANG_WARN_COMMA = YES;
				CLANG_WARN_CONSTANT_CONVERSION = YES;
				CLANG_WARN_DIRECT_OBJC_ISA_USAGE = YES_ERROR;
				CLANG_WARN_DOCUMENTATION_COMMENTS = YES;
				CLANG_WARN_EMPTY_BODY = YES;
				CLANG_WARN_ENUM_CONVERSION = YES;
				CLANG_WARN_INFINITE_RECURSION = YES;
				CLANG_WARN_INT_CONVERSION = YES;
				CLANG_WARN_NON_LITERAL_NULL_CONVERSION = YES;
				CLANG_WARN_OBJC_LITERAL_CONVERSION = YES;
				CLANG_WARN_OBJC_ROOT_CLASS = YES_ERROR;
				CLANG_WARN_RANGE_LOOP_ANALYSIS = YES;
				CLANG_WARN_STRICT_PROTOTYPES = YES;
				CLANG_WARN_SUSPICIOUS_MOVE = YES;
				CLANG_WARN_UNREACHABLE_CODE = YES;
				CLANG_WARN__DUPLICATE_METHOD_MATCH = YES;
				"CODE_SIGN_IDENTITY[sdk=iphoneos*]" = "iPhone Developer";
				COPY_PHASE_STRIP = NO;
				DEBUG_INFORMATION_FORMAT = "dwarf-with-dsym";
				ENABLE_NS_ASSERTIONS = NO;
				ENABLE_STRICT_OBJC_MSGSEND = YES;
				GCC_C_LANGUAGE_STANDARD = gnu99;
				GCC_NO_COMMON_BLOCKS = YES;
				GCC_WARN_64_TO_32_BIT_CONVERSION = YES;
				GCC_WARN_ABOUT_RETURN_TYPE = YES_ERROR;
				GCC_WARN_UNDECLARED_SELECTOR = YES;
				GCC_WARN_UNINITIALIZED_AUTOS = YES_AGGRESSIVE;
				GCC_WARN_UNUSED_FUNCTION = YES;
				GCC_WARN_UNUSED_VARIABLE = YES;
				IPHONEOS_DEPLOYMENT_TARGET = 10.3;
				MTL_ENABLE_DEBUG_INFO = NO;
				SDKROOT = iphoneos;
				VALIDATE_PRODUCT = YES;
			};
			name = Release;
		};
		E744767F1F9660C9002EC7B8 /* Debug */ = {
			isa = XCBuildConfiguration;
			baseConfigurationReference = 62F61F2CD06464E91E9808D7 /* Pods-LZKit.debug.xcconfig */;
			buildSettings = {
				ASSETCATALOG_COMPILER_APPICON_NAME = AppIcon;
				DEVELOPMENT_TEAM = 9TG69MYF39;
				GCC_PREFIX_HEADER = LZKit/LZKit.pch;
				INFOPLIST_FILE = LZKit/Info.plist;
				IPHONEOS_DEPLOYMENT_TARGET = 9.3;
				LD_RUNPATH_SEARCH_PATHS = "$(inherited) @executable_path/Frameworks";
				PRODUCT_BUNDLE_IDENTIFIER = com.Triste.LZKit;
				PRODUCT_NAME = "$(TARGET_NAME)";
			};
			name = Debug;
		};
		E74476801F9660C9002EC7B8 /* Release */ = {
			isa = XCBuildConfiguration;
			baseConfigurationReference = 0DC009B45764B8BBB6AB0690 /* Pods-LZKit.release.xcconfig */;
			buildSettings = {
				ASSETCATALOG_COMPILER_APPICON_NAME = AppIcon;
				DEVELOPMENT_TEAM = 9TG69MYF39;
				GCC_PREFIX_HEADER = LZKit/LZKit.pch;
				INFOPLIST_FILE = LZKit/Info.plist;
				IPHONEOS_DEPLOYMENT_TARGET = 9.3;
				LD_RUNPATH_SEARCH_PATHS = "$(inherited) @executable_path/Frameworks";
				PRODUCT_BUNDLE_IDENTIFIER = com.Triste.LZKit;
				PRODUCT_NAME = "$(TARGET_NAME)";
			};
			name = Release;
		};
		E74476821F9660C9002EC7B8 /* Debug */ = {
			isa = XCBuildConfiguration;
			buildSettings = {
				BUNDLE_LOADER = "$(TEST_HOST)";
				DEVELOPMENT_TEAM = 8RL8MGBZ32;
				INFOPLIST_FILE = LZKitTests/Info.plist;
				LD_RUNPATH_SEARCH_PATHS = "$(inherited) @executable_path/Frameworks @loader_path/Frameworks";
				PRODUCT_BUNDLE_IDENTIFIER = com.Triste.LZKitTests;
				PRODUCT_NAME = "$(TARGET_NAME)";
				TEST_HOST = "$(BUILT_PRODUCTS_DIR)/LZKit.app/LZKit";
			};
			name = Debug;
		};
		E74476831F9660C9002EC7B8 /* Release */ = {
			isa = XCBuildConfiguration;
			buildSettings = {
				BUNDLE_LOADER = "$(TEST_HOST)";
				DEVELOPMENT_TEAM = 8RL8MGBZ32;
				INFOPLIST_FILE = LZKitTests/Info.plist;
				LD_RUNPATH_SEARCH_PATHS = "$(inherited) @executable_path/Frameworks @loader_path/Frameworks";
				PRODUCT_BUNDLE_IDENTIFIER = com.Triste.LZKitTests;
				PRODUCT_NAME = "$(TARGET_NAME)";
				TEST_HOST = "$(BUILT_PRODUCTS_DIR)/LZKit.app/LZKit";
			};
			name = Release;
		};
		E74476851F9660C9002EC7B8 /* Debug */ = {
			isa = XCBuildConfiguration;
			buildSettings = {
				DEVELOPMENT_TEAM = 8RL8MGBZ32;
				INFOPLIST_FILE = LZKitUITests/Info.plist;
				LD_RUNPATH_SEARCH_PATHS = "$(inherited) @executable_path/Frameworks @loader_path/Frameworks";
				PRODUCT_BUNDLE_IDENTIFIER = com.Triste.LZKitUITests;
				PRODUCT_NAME = "$(TARGET_NAME)";
				TEST_TARGET_NAME = LZKit;
			};
			name = Debug;
		};
		E74476861F9660C9002EC7B8 /* Release */ = {
			isa = XCBuildConfiguration;
			buildSettings = {
				DEVELOPMENT_TEAM = 8RL8MGBZ32;
				INFOPLIST_FILE = LZKitUITests/Info.plist;
				LD_RUNPATH_SEARCH_PATHS = "$(inherited) @executable_path/Frameworks @loader_path/Frameworks";
				PRODUCT_BUNDLE_IDENTIFIER = com.Triste.LZKitUITests;
				PRODUCT_NAME = "$(TARGET_NAME)";
				TEST_TARGET_NAME = LZKit;
			};
			name = Release;
		};
/* End XCBuildConfiguration section */

/* Begin XCConfigurationList section */
		E744764C1F9660C9002EC7B8 /* Build configuration list for PBXProject "LZKit" */ = {
			isa = XCConfigurationList;
			buildConfigurations = (
				E744767C1F9660C9002EC7B8 /* Debug */,
				E744767D1F9660C9002EC7B8 /* Release */,
			);
			defaultConfigurationIsVisible = 0;
			defaultConfigurationName = Release;
		};
		E744767E1F9660C9002EC7B8 /* Build configuration list for PBXNativeTarget "LZKit" */ = {
			isa = XCConfigurationList;
			buildConfigurations = (
				E744767F1F9660C9002EC7B8 /* Debug */,
				E74476801F9660C9002EC7B8 /* Release */,
			);
			defaultConfigurationIsVisible = 0;
			defaultConfigurationName = Release;
		};
		E74476811F9660C9002EC7B8 /* Build configuration list for PBXNativeTarget "LZKitTests" */ = {
			isa = XCConfigurationList;
			buildConfigurations = (
				E74476821F9660C9002EC7B8 /* Debug */,
				E74476831F9660C9002EC7B8 /* Release */,
			);
			defaultConfigurationIsVisible = 0;
			defaultConfigurationName = Release;
		};
		E74476841F9660C9002EC7B8 /* Build configuration list for PBXNativeTarget "LZKitUITests" */ = {
			isa = XCConfigurationList;
			buildConfigurations = (
				E74476851F9660C9002EC7B8 /* Debug */,
				E74476861F9660C9002EC7B8 /* Release */,
			);
			defaultConfigurationIsVisible = 0;
			defaultConfigurationName = Release;
		};
/* End XCConfigurationList section */
	};
	rootObject = E74476491F9660C9002EC7B8 /* Project object */;
}
